# THIS IS AN AUTOGENERATED FILE. DO NOT EDIT THIS FILE DIRECTLY.
# yarn lockfile v1


"@uirouter/core@5.0.3":
  version "5.0.3"
  resolved "https://npm.chrisesplin.com/@uirouter%2fcore/-/core-5.0.3.tgz#e2b5b1e45190e20c67ba4e15c013de5d4e0ccab3"

angular-ui-router@^1.0.3:
  version "1.0.3"
  resolved "https://npm.chrisesplin.com/angular-ui-router/-/angular-ui-router-1.0.3.tgz#bf2494caae95c37cf01af3761d89747cfed2db45"
  dependencies:
    "@uirouter/core" "5.0.3"

ui-router@^1.0.0-alpha.3:
  version "1.0.0-alpha.3"
  resolved "https://npm.chrisesplin.com/ui-router/-/ui-router-1.0.0-alpha.3.tgz#b29872720228b09af55259e9418f5e14bc07d962"
